
Microsoft Visual Studio Solution File, Format Version 12.00
# Visual Studio 15
VisualStudioVersion = 15.0.28307.1082
MinimumVisualStudioVersion = 10.0.40219.1
Project("{FAE04EC0-301F-11D3-BF4B-00C04F79EFBC}") = "Beril.Live", "Beril.Live\Beril.Live.csproj", "{8A6EEA77-DAE0-4490-A7C5-DCC1B2330D65}"
EndProject
Global
	GlobalSection(SolutionConfigurationPlatforms) = preSolution
		Debug|Any CPU = Debug|Any CPU
		Release|Any CPU = Release|Any CPU
	EndGlobalSection
	GlobalSection(ProjectConfigurationPlatforms) = postSolution
		{8A6EEA77-DAE0-4490-A7C5-DCC1B2330D65}.Debug|Any CPU.ActiveCfg = Debug|Any CPU
		{8A6EEA77-DAE0-4490-A7C5-DCC1B2330D65}.Debug|Any CPU.Build.0 = Debug|Any CPU
		{8A6EEA77-DAE0-4490-A7C5-DCC1B2330D65}.Release|Any CPU.ActiveCfg = Release|Any CPU
		{8A6EEA77-DAE0-4490-A7C5-DCC1B2330D65}.Release|Any CPU.Build.0 = Release|Any CPU
	EndGlobalSection
	GlobalSection(SolutionProperties) = preSolution
		HideSolutionNode = FALSE
	EndGlobalSection
	GlobalSection(ExtensibilityGlobals) = postSolution
		SolutionGuid = {311E4384-1DC3-4686-A3B7-4A7A387B6865}
	EndGlobalSection
EndGlobal
